
Microsoft Visual Studio Solution File, Format Version 12.00
# Visual Studio Version 17
VisualStudioVersion = 17.9.34728.123
MinimumVisualStudioVersion = 10.0.40219.1
Project("{9A19103F-16F7-4668-BE54-9A1E7A4F7556}") = "LumScripting", "..\LumScripting\LumScripting.csproj", "{C924F5D3-BC76-4ADA-9185-F2DBFB2D66D6}"
EndProject
Project("{9A19103F-16F7-4668-BE54-9A1E7A4F7556}") = "LumScriptLoader", "..\LumScriptLoader\LumScriptLoader.csproj", "{AE0E5CD0-016F-4960-A193-6F785AE64817}"
EndProject
Project("{8BC9CEB8-8B4A-11D0-8D11-00A0C91BC942}") = "LumTypes", "..\LumTypes\LumTypes.vcxproj", "{C27820EC-17D0-4F35-A8FD-BAB582861D3E}"
EndProject
Project("{8BC9CEB8-8B4A-11D0-8D11-00A0C91BC942}") = "LumEngine", "LumEngine.vcxproj", "{934275D7-046B-41BD-B720-62231F376331}"
EndProject
Project("{8BC9CEB8-8B4A-11D0-8D11-00A0C91BC942}") = "LumEngineWrapper", "..\LumEngineWrapper\LumEngineWrapper.vcxproj", "{56FDBF17-6DCD-4A5C-AF8C-10074F5E2EE9}"
EndProject
Global
	GlobalSection(SolutionConfigurationPlatforms) = preSolution
		All|Any CPU = All|Any CPU
		All|x64 = All|x64
		All|x86 = All|x86
		Debug|Any CPU = Debug|Any CPU
		Debug|x64 = Debug|x64
		Debug|x86 = Debug|x86
		Release|Any CPU = Release|Any CPU
		Release|x64 = Release|x64
		Release|x86 = Release|x86
	EndGlobalSection
	GlobalSection(ProjectConfigurationPlatforms) = postSolution
		{C924F5D3-BC76-4ADA-9185-F2DBFB2D66D6}.All|Any CPU.ActiveCfg = Release|Any CPU
		{C924F5D3-BC76-4ADA-9185-F2DBFB2D66D6}.All|Any CPU.Build.0 = Release|Any CPU
		{C924F5D3-BC76-4ADA-9185-F2DBFB2D66D6}.All|x64.ActiveCfg = Release|x64
		{C924F5D3-BC76-4ADA-9185-F2DBFB2D66D6}.All|x64.Build.0 = Release|x64
		{C924F5D3-BC76-4ADA-9185-F2DBFB2D66D6}.All|x86.ActiveCfg = Release|Any CPU
		{C924F5D3-BC76-4ADA-9185-F2DBFB2D66D6}.All|x86.Build.0 = Release|Any CPU
		{C924F5D3-BC76-4ADA-9185-F2DBFB2D66D6}.Debug|Any CPU.ActiveCfg = Debug|Any CPU
		{C924F5D3-BC76-4ADA-9185-F2DBFB2D66D6}.Debug|Any CPU.Build.0 = Debug|Any CPU
		{C924F5D3-BC76-4ADA-9185-F2DBFB2D66D6}.Debug|x64.ActiveCfg = Debug|x64
		{C924F5D3-BC76-4ADA-9185-F2DBFB2D66D6}.Debug|x64.Build.0 = Debug|x64
		{C924F5D3-BC76-4ADA-9185-F2DBFB2D66D6}.Debug|x86.ActiveCfg = Debug|Any CPU
		{C924F5D3-BC76-4ADA-9185-F2DBFB2D66D6}.Debug|x86.Build.0 = Debug|Any CPU
		{C924F5D3-BC76-4ADA-9185-F2DBFB2D66D6}.Release|Any CPU.ActiveCfg = Release|Any CPU
		{C924F5D3-BC76-4ADA-9185-F2DBFB2D66D6}.Release|Any CPU.Build.0 = Release|Any CPU
		{C924F5D3-BC76-4ADA-9185-F2DBFB2D66D6}.Release|x64.ActiveCfg = Release|Any CPU
		{C924F5D3-BC76-4ADA-9185-F2DBFB2D66D6}.Release|x64.Build.0 = Release|Any CPU
		{C924F5D3-BC76-4ADA-9185-F2DBFB2D66D6}.Release|x86.ActiveCfg = Release|Any CPU
		{C924F5D3-BC76-4ADA-9185-F2DBFB2D66D6}.Release|x86.Build.0 = Release|Any CPU
		{AE0E5CD0-016F-4960-A193-6F785AE64817}.All|Any CPU.ActiveCfg = Release|Any CPU
		{AE0E5CD0-016F-4960-A193-6F785AE64817}.All|Any CPU.Build.0 = Release|Any CPU
		{AE0E5CD0-016F-4960-A193-6F785AE64817}.All|x64.ActiveCfg = Release|x64
		{AE0E5CD0-016F-4960-A193-6F785AE64817}.All|x64.Build.0 = Release|x64
		{AE0E5CD0-016F-4960-A193-6F785AE64817}.All|x86.ActiveCfg = Release|Any CPU
		{AE0E5CD0-016F-4960-A193-6F785AE64817}.All|x86.Build.0 = Release|Any CPU
		{AE0E5CD0-016F-4960-A193-6F785AE64817}.Debug|Any CPU.ActiveCfg = Debug|Any CPU
		{AE0E5CD0-016F-4960-A193-6F785AE64817}.Debug|Any CPU.Build.0 = Debug|Any CPU
		{AE0E5CD0-016F-4960-A193-6F785AE64817}.Debug|x64.ActiveCfg = Debug|x64
		{AE0E5CD0-016F-4960-A193-6F785AE64817}.Debug|x64.Build.0 = Debug|x64
		{AE0E5CD0-016F-4960-A193-6F785AE64817}.Debug|x86.ActiveCfg = Debug|Any CPU
		{AE0E5CD0-016F-4960-A193-6F785AE64817}.Debug|x86.Build.0 = Debug|Any CPU
		{AE0E5CD0-016F-4960-A193-6F785AE64817}.Release|Any CPU.ActiveCfg = Release|Any CPU
		{AE0E5CD0-016F-4960-A193-6F785AE64817}.Release|Any CPU.Build.0 = Release|Any CPU
		{AE0E5CD0-016F-4960-A193-6F785AE64817}.Release|x64.ActiveCfg = Release|Any CPU
		{AE0E5CD0-016F-4960-A193-6F785AE64817}.Release|x64.Build.0 = Release|Any CPU
		{AE0E5CD0-016F-4960-A193-6F785AE64817}.Release|x86.ActiveCfg = Release|Any CPU
		{AE0E5CD0-016F-4960-A193-6F785AE64817}.Release|x86.Build.0 = Release|Any CPU
		{C27820EC-17D0-4F35-A8FD-BAB582861D3E}.All|Any CPU.ActiveCfg = Debug|x64
		{C27820EC-17D0-4F35-A8FD-BAB582861D3E}.All|Any CPU.Build.0 = Debug|x64
		{C27820EC-17D0-4F35-A8FD-BAB582861D3E}.All|x64.ActiveCfg = Debug|x64
		{C27820EC-17D0-4F35-A8FD-BAB582861D3E}.All|x64.Build.0 = Debug|x64
		{C27820EC-17D0-4F35-A8FD-BAB582861D3E}.All|x86.ActiveCfg = Debug|Win32
		{C27820EC-17D0-4F35-A8FD-BAB582861D3E}.All|x86.Build.0 = Debug|Win32
		{C27820EC-17D0-4F35-A8FD-BAB582861D3E}.Debug|Any CPU.ActiveCfg = Debug|x64
		{C27820EC-17D0-4F35-A8FD-BAB582861D3E}.Debug|Any CPU.Build.0 = Debug|x64
		{C27820EC-17D0-4F35-A8FD-BAB582861D3E}.Debug|x64.ActiveCfg = Debug|x64
		{C27820EC-17D0-4F35-A8FD-BAB582861D3E}.Debug|x64.Build.0 = Debug|x64
		{C27820EC-17D0-4F35-A8FD-BAB582861D3E}.Debug|x86.ActiveCfg = Debug|Win32
		{C27820EC-17D0-4F35-A8FD-BAB582861D3E}.Debug|x86.Build.0 = Debug|Win32
		{C27820EC-17D0-4F35-A8FD-BAB582861D3E}.Release|Any CPU.ActiveCfg = Release|x64
		{C27820EC-17D0-4F35-A8FD-BAB582861D3E}.Release|Any CPU.Build.0 = Release|x64
		{C27820EC-17D0-4F35-A8FD-BAB582861D3E}.Release|x64.ActiveCfg = Release|x64
		{C27820EC-17D0-4F35-A8FD-BAB582861D3E}.Release|x64.Build.0 = Release|x64
		{C27820EC-17D0-4F35-A8FD-BAB582861D3E}.Release|x86.ActiveCfg = Release|Win32
		{C27820EC-17D0-4F35-A8FD-BAB582861D3E}.Release|x86.Build.0 = Release|Win32
		{934275D7-046B-41BD-B720-62231F376331}.All|Any CPU.ActiveCfg = Debug|x64
		{934275D7-046B-41BD-B720-62231F376331}.All|Any CPU.Build.0 = Debug|x64
		{934275D7-046B-41BD-B720-62231F376331}.All|x64.ActiveCfg = Debug|x64
		{934275D7-046B-41BD-B720-62231F376331}.All|x64.Build.0 = Debug|x64
		{934275D7-046B-41BD-B720-62231F376331}.All|x86.ActiveCfg = Debug|Win32
		{934275D7-046B-41BD-B720-62231F376331}.All|x86.Build.0 = Debug|Win32
		{934275D7-046B-41BD-B720-62231F376331}.Debug|Any CPU.ActiveCfg = Debug|x64
		{934275D7-046B-41BD-B720-62231F376331}.Debug|Any CPU.Build.0 = Debug|x64
		{934275D7-046B-41BD-B720-62231F376331}.Debug|x64.ActiveCfg = Debug|x64
		{934275D7-046B-41BD-B720-62231F376331}.Debug|x64.Build.0 = Debug|x64
		{934275D7-046B-41BD-B720-62231F376331}.Debug|x86.ActiveCfg = Debug|Win32
		{934275D7-046B-41BD-B720-62231F376331}.Debug|x86.Build.0 = Debug|Win32
		{934275D7-046B-41BD-B720-62231F376331}.Release|Any CPU.ActiveCfg = Release|x64
		{934275D7-046B-41BD-B720-62231F376331}.Release|Any CPU.Build.0 = Release|x64
		{934275D7-046B-41BD-B720-62231F376331}.Release|x64.ActiveCfg = Release|x64
		{934275D7-046B-41BD-B720-62231F376331}.Release|x64.Build.0 = Release|x64
		{934275D7-046B-41BD-B720-62231F376331}.Release|x86.ActiveCfg = Release|Win32
		{934275D7-046B-41BD-B720-62231F376331}.Release|x86.Build.0 = Release|Win32
		{56FDBF17-6DCD-4A5C-AF8C-10074F5E2EE9}.All|Any CPU.ActiveCfg = Debug|x64
		{56FDBF17-6DCD-4A5C-AF8C-10074F5E2EE9}.All|Any CPU.Build.0 = Debug|x64
		{56FDBF17-6DCD-4A5C-AF8C-10074F5E2EE9}.All|x64.ActiveCfg = Debug|x64
		{56FDBF17-6DCD-4A5C-AF8C-10074F5E2EE9}.All|x64.Build.0 = Debug|x64
		{56FDBF17-6DCD-4A5C-AF8C-10074F5E2EE9}.All|x86.ActiveCfg = Debug|Win32
		{56FDBF17-6DCD-4A5C-AF8C-10074F5E2EE9}.All|x86.Build.0 = Debug|Win32
		{56FDBF17-6DCD-4A5C-AF8C-10074F5E2EE9}.Debug|Any CPU.ActiveCfg = Debug|x64
		{56FDBF17-6DCD-4A5C-AF8C-10074F5E2EE9}.Debug|Any CPU.Build.0 = Debug|x64
		{56FDBF17-6DCD-4A5C-AF8C-10074F5E2EE9}.Debug|x64.ActiveCfg = Debug|x64
		{56FDBF17-6DCD-4A5C-AF8C-10074F5E2EE9}.Debug|x64.Build.0 = Debug|x64
		{56FDBF17-6DCD-4A5C-AF8C-10074F5E2EE9}.Debug|x86.ActiveCfg = Debug|Win32
		{56FDBF17-6DCD-4A5C-AF8C-10074F5E2EE9}.Debug|x86.Build.0 = Debug|Win32
		{56FDBF17-6DCD-4A5C-AF8C-10074F5E2EE9}.Release|Any CPU.ActiveCfg = Release|x64
		{56FDBF17-6DCD-4A5C-AF8C-10074F5E2EE9}.Release|Any CPU.Build.0 = Release|x64
		{56FDBF17-6DCD-4A5C-AF8C-10074F5E2EE9}.Release|x64.ActiveCfg = Release|x64
		{56FDBF17-6DCD-4A5C-AF8C-10074F5E2EE9}.Release|x64.Build.0 = Release|x64
		{56FDBF17-6DCD-4A5C-AF8C-10074F5E2EE9}.Release|x86.ActiveCfg = Release|Win32
		{56FDBF17-6DCD-4A5C-AF8C-10074F5E2EE9}.Release|x86.Build.0 = Release|Win32
	EndGlobalSection
	GlobalSection(SolutionProperties) = preSolution
		HideSolutionNode = FALSE
	EndGlobalSection
	GlobalSection(ExtensibilityGlobals) = postSolution
		SolutionGuid = {65017FA4-DD29-4674-98D1-20EE16203ED3}
	EndGlobalSection
EndGlobal
